{
  "name": "js_tutorial",
  "lockfileVersion": 3,
  "requires": true,
  "packages": {
    "": {
      "dependencies": {
        "travizzle-palindrome": "1.0.0"
      }
    },
    "node_modules/travizzle-palindrome": {
      "version": "1.0.0",
      "resolved": "https://registry.npmjs.org/travizzle-palindrome/-/travizzle-palindrome-1.0.0.tgz",
      "integrity": "sha512-GoGOlH9hn0/CQGU2tVxFvXLWUt/kN9zxY+QTgzMimvEksPP6MKbcMOfvYMFewn6DVmFN+/TXMAs+6wEStw41VQ=="
    }
  }
}
